dependencies:
- name: postgresql
  repository: https://charts.bitnami.com/bitnami
  version: 11.9.13
- name: keycloak
  repository: https://charts.bitnami.com/bitnami
  version: 10.1.8
digest: sha256:f1a034b5c3625f4378a91a5b70ec4c9318b42d1cc242b24bb9345500ecb347d1
generated: "2022-11-29T11:28:52.747457+01:00"
