dependencies:
- name: postgresql
  repository: https://charts.bitnami.com/bitnami
  version: 11.9.13
- name: keycloak
  repository: https://charts.bitnami.com/bitnami
  version: 10.1.0
digest: sha256:0bfb2dfa21c9cf728604b35f05bbbf447ea7b6b5367ef6e27cfe2e1b428c30d5
generated: "2022-11-07T10:19:25.341473+01:00"
